
Microsoft Visual Studio Solution File, Format Version 12.00
# Visual Studio Version 17
VisualStudioVersion = 17.2.32602.215
MinimumVisualStudioVersion = 10.0.40219.1
Project("{FAE04EC0-301F-11D3-BF4B-00C04F79EFBC}") = "SuperPC", "SuperPC\SuperPC.csproj", "{9937704C-FAEB-44EA-84FD-297B0D404E57}"
EndProject
Global
	GlobalSection(SolutionConfigurationPlatforms) = preSolution
		Debug|Any CPU = Debug|Any CPU
		Release|Any CPU = Release|Any CPU
	EndGlobalSection
	GlobalSection(ProjectConfigurationPlatforms) = postSolution
		{9937704C-FAEB-44EA-84FD-297B0D404E57}.Debug|Any CPU.ActiveCfg = Debug|Any CPU
		{9937704C-FAEB-44EA-84FD-297B0D404E57}.Debug|Any CPU.Build.0 = Debug|Any CPU
		{9937704C-FAEB-44EA-84FD-297B0D404E57}.Release|Any CPU.ActiveCfg = Release|Any CPU
		{9937704C-FAEB-44EA-84FD-297B0D404E57}.Release|Any CPU.Build.0 = Release|Any CPU
	EndGlobalSection
	GlobalSection(SolutionProperties) = preSolution
		HideSolutionNode = FALSE
	EndGlobalSection
	GlobalSection(ExtensibilityGlobals) = postSolution
		SolutionGuid = {9717F259-5C6D-44AF-A163-F6632C156F4A}
	EndGlobalSection
EndGlobal
